
Microsoft Visual Studio Solution File, Format Version 12.00
# Visual Studio 15
VisualStudioVersion = 15.0.28307.106
MinimumVisualStudioVersion = 10.0.40219.1
Project("{FAE04EC0-301F-11D3-BF4B-00C04F79EFBC}") = "Watchlist", "SecondTry\Watchlist.csproj", "{6494E68F-65AC-4048-96B0-870E0C1C0A3D}"
EndProject
Global
	GlobalSection(SolutionConfigurationPlatforms) = preSolution
		Debug|Any CPU = Debug|Any CPU
		Release|Any CPU = Release|Any CPU
	EndGlobalSection
	GlobalSection(ProjectConfigurationPlatforms) = postSolution
		{6494E68F-65AC-4048-96B0-870E0C1C0A3D}.Debug|Any CPU.ActiveCfg = Debug|Any CPU
		{6494E68F-65AC-4048-96B0-870E0C1C0A3D}.Debug|Any CPU.Build.0 = Debug|Any CPU
		{6494E68F-65AC-4048-96B0-870E0C1C0A3D}.Release|Any CPU.ActiveCfg = Release|Any CPU
		{6494E68F-65AC-4048-96B0-870E0C1C0A3D}.Release|Any CPU.Build.0 = Release|Any CPU
	EndGlobalSection
	GlobalSection(SolutionProperties) = preSolution
		HideSolutionNode = FALSE
	EndGlobalSection
	GlobalSection(ExtensibilityGlobals) = postSolution
		SolutionGuid = {3CC0E965-7460-4520-B001-ECBF4E832F82}
	EndGlobalSection
EndGlobal
